
Microsoft Visual Studio Solution File, Format Version 12.00
# Visual Studio 15
VisualStudioVersion = 15.0.27130.2027
MinimumVisualStudioVersion = 10.0.40219.1
Project("{9A19103F-16F7-4668-BE54-9A1E7A4F7556}") = "refly", "refly\refly.csproj", "{2D1808EA-BC8A-485C-89CF-8EAB36DFB199}"
EndProject
Project("{9A19103F-16F7-4668-BE54-9A1E7A4F7556}") = "refly.core", "refly.core\refly.core.csproj", "{63B9FD07-C657-43B5-B4C0-076A018EE0A9}"
EndProject
Project("{9A19103F-16F7-4668-BE54-9A1E7A4F7556}") = "refly.graph", "refly.graph\refly.graph.csproj", "{81DD2E19-50E3-4243-B38F-0FEF7D8E264D}"
EndProject
Project("{FAE04EC0-301F-11D3-BF4B-00C04F79EFBC}") = "refly.graph.test", "refly.graph.test\refly.graph.test.csproj", "{765B5B0A-AA90-4AF0-8BDE-6134F265FBF7}"
EndProject
Global
	GlobalSection(SolutionConfigurationPlatforms) = preSolution
		Debug|Any CPU = Debug|Any CPU
		Release|Any CPU = Release|Any CPU
	EndGlobalSection
	GlobalSection(ProjectConfigurationPlatforms) = postSolution
		{2D1808EA-BC8A-485C-89CF-8EAB36DFB199}.Debug|Any CPU.ActiveCfg = Debug|Any CPU
		{2D1808EA-BC8A-485C-89CF-8EAB36DFB199}.Debug|Any CPU.Build.0 = Debug|Any CPU
		{2D1808EA-BC8A-485C-89CF-8EAB36DFB199}.Release|Any CPU.ActiveCfg = Release|Any CPU
		{2D1808EA-BC8A-485C-89CF-8EAB36DFB199}.Release|Any CPU.Build.0 = Release|Any CPU
		{63B9FD07-C657-43B5-B4C0-076A018EE0A9}.Debug|Any CPU.ActiveCfg = Debug|Any CPU
		{63B9FD07-C657-43B5-B4C0-076A018EE0A9}.Debug|Any CPU.Build.0 = Debug|Any CPU
		{63B9FD07-C657-43B5-B4C0-076A018EE0A9}.Release|Any CPU.ActiveCfg = Release|Any CPU
		{63B9FD07-C657-43B5-B4C0-076A018EE0A9}.Release|Any CPU.Build.0 = Release|Any CPU
		{81DD2E19-50E3-4243-B38F-0FEF7D8E264D}.Debug|Any CPU.ActiveCfg = Debug|Any CPU
		{81DD2E19-50E3-4243-B38F-0FEF7D8E264D}.Debug|Any CPU.Build.0 = Debug|Any CPU
		{81DD2E19-50E3-4243-B38F-0FEF7D8E264D}.Release|Any CPU.ActiveCfg = Release|Any CPU
		{81DD2E19-50E3-4243-B38F-0FEF7D8E264D}.Release|Any CPU.Build.0 = Release|Any CPU
		{765B5B0A-AA90-4AF0-8BDE-6134F265FBF7}.Debug|Any CPU.ActiveCfg = Debug|Any CPU
		{765B5B0A-AA90-4AF0-8BDE-6134F265FBF7}.Debug|Any CPU.Build.0 = Debug|Any CPU
		{765B5B0A-AA90-4AF0-8BDE-6134F265FBF7}.Release|Any CPU.ActiveCfg = Release|Any CPU
		{765B5B0A-AA90-4AF0-8BDE-6134F265FBF7}.Release|Any CPU.Build.0 = Release|Any CPU
	EndGlobalSection
	GlobalSection(SolutionProperties) = preSolution
		HideSolutionNode = FALSE
	EndGlobalSection
	GlobalSection(ExtensibilityGlobals) = postSolution
		SolutionGuid = {857669D7-0B65-4B96-BBFF-F202772D5195}
	EndGlobalSection
EndGlobal
